
Microsoft Visual Studio Solution File, Format Version 12.00
# Visual Studio 2013
VisualStudioVersion = 12.0.31101.0
MinimumVisualStudioVersion = 10.0.40219.1
Project("{FAE04EC0-301F-11D3-BF4B-00C04F79EFBC}") = "StockControl", "StockControl\StockControl.csproj", "{0CD416C2-6362-4FB8-9F40-FC9890CC5392}"
EndProject
Project("{FAE04EC0-301F-11D3-BF4B-00C04F79EFBC}") = "Stock.EastMoney", "EastMoney\Stock.EastMoney.csproj", "{9C9D4770-E2F3-4076-82BE-28D45445D301}"
EndProject
Project("{FAE04EC0-301F-11D3-BF4B-00C04F79EFBC}") = "Stock.Core.Base", "Stock.Core\Stock.Core.Base.csproj", "{01FB6A64-BE9A-49A4-A487-49963BD10299}"
EndProject
Project("{2150E333-8FDC-42A3-9474-1A3956D46DE8}") = "Stock.BLL", "Stock.BLL", "{D0F4521D-E02D-41F4-BE32-BC8A85C17D48}"
EndProject
Project("{2150E333-8FDC-42A3-9474-1A3956D46DE8}") = "Stock.Tools", "Stock.Tools", "{96F41C8A-0160-47AD-A576-417EDF69574A}"
EndProject
Project("{2150E333-8FDC-42A3-9474-1A3956D46DE8}") = "Stock.Core", "Stock.Core", "{E89C079C-40DC-4180-BEDB-15A15FAC531D}"
EndProject
Project("{2150E333-8FDC-42A3-9474-1A3956D46DE8}") = "Stock.Applications", "Stock.Applications", "{87E24A8A-1048-4164-858A-23902B3AB155}"
EndProject
Project("{FAE04EC0-301F-11D3-BF4B-00C04F79EFBC}") = "Stock.Core.Log", "Stock.Core.Log\Stock.Core.Log.csproj", "{06C18795-A466-4E0A-8BDF-28F301367B65}"
EndProject
Project("{FAE04EC0-301F-11D3-BF4B-00C04F79EFBC}") = "Stock.Core.Config", "Stock.Core.Config\Stock.Core.Config.csproj", "{C71D093E-2CCD-41B3-A6CD-A1DEE7730D54}"
EndProject
Project("{FAE04EC0-301F-11D3-BF4B-00C04F79EFBC}") = "Stock.Tools.Utility", "Stock.Tools.Utility\Stock.Tools.Utility.csproj", "{8A241518-0505-4AF5-9B13-DA2D1494DA69}"
EndProject
Project("{2150E333-8FDC-42A3-9474-1A3956D46DE8}") = "Stock.View", "Stock.View", "{F2E06B03-8714-454D-A8AE-9D2CE78EE258}"
EndProject
Project("{FAE04EC0-301F-11D3-BF4B-00C04F79EFBC}") = "StockSpider", "StockSpider\StockSpider.csproj", "{4826F74C-E059-4F66-88D2-34F660A116E9}"
EndProject
Project("{2150E333-8FDC-42A3-9474-1A3956D46DE8}") = "Stock.DAL", "Stock.DAL", "{6554E083-8131-4FFA-8925-DCB76A998510}"
EndProject
Project("{FAE04EC0-301F-11D3-BF4B-00C04F79EFBC}") = "Stock.DAL.EastMoney", "Stock.DAL.EastMoney\Stock.DAL.EastMoney.csproj", "{3B3A8A3C-EE0C-436F-B0F4-A193CD1E15D7}"
EndProject
Project("{FAE04EC0-301F-11D3-BF4B-00C04F79EFBC}") = "Stock.BLL.EastMoney", "Stock.BLL.EastMoney\Stock.BLL.EastMoney.csproj", "{9E0238B0-1E27-493A-8ACC-FEFF8BB3BB63}"
EndProject
Project("{FAE04EC0-301F-11D3-BF4B-00C04F79EFBC}") = "Stock.DAL.DapperEx", "Stock.DAL.DapperEx\Stock.DAL.DapperEx.csproj", "{24DA04F6-77AC-48D4-84EA-5274236359C5}"
EndProject
Project("{FAE04EC0-301F-11D3-BF4B-00C04F79EFBC}") = "Stock.BLL.EastMoney.Entity", "Stock.BLL.EastMoney.Entity\Stock.BLL.EastMoney.Entity.csproj", "{E1FE33B9-8403-401C-96BB-AC88FEE08800}"
EndProject
Project("{2150E333-8FDC-42A3-9474-1A3956D46DE8}") = "PDM", "PDM", "{53F10A93-B5C3-41AA-AF29-7D04DD839A3F}"
	ProjectSection(SolutionItems) = preProject
		StockSpider\Stock.pdm = StockSpider\Stock.pdm
	EndProjectSection
EndProject
Project("{FAE04EC0-301F-11D3-BF4B-00C04F79EFBC}") = "Stock.Http.Core", "Stock.Http.Core\Stock.Http.Core.csproj", "{D18130C1-24A4-401D-8FAF-6F807798672F}"
EndProject
Global
	GlobalSection(SolutionConfigurationPlatforms) = preSolution
		Debug|Any CPU = Debug|Any CPU
		Release|Any CPU = Release|Any CPU
	EndGlobalSection
	GlobalSection(ProjectConfigurationPlatforms) = postSolution
		{0CD416C2-6362-4FB8-9F40-FC9890CC5392}.Debug|Any CPU.ActiveCfg = Debug|Any CPU
		{0CD416C2-6362-4FB8-9F40-FC9890CC5392}.Debug|Any CPU.Build.0 = Debug|Any CPU
		{0CD416C2-6362-4FB8-9F40-FC9890CC5392}.Release|Any CPU.ActiveCfg = Release|Any CPU
		{0CD416C2-6362-4FB8-9F40-FC9890CC5392}.Release|Any CPU.Build.0 = Release|Any CPU
		{9C9D4770-E2F3-4076-82BE-28D45445D301}.Debug|Any CPU.ActiveCfg = Debug|Any CPU
		{9C9D4770-E2F3-4076-82BE-28D45445D301}.Debug|Any CPU.Build.0 = Debug|Any CPU
		{9C9D4770-E2F3-4076-82BE-28D45445D301}.Release|Any CPU.ActiveCfg = Release|Any CPU
		{9C9D4770-E2F3-4076-82BE-28D45445D301}.Release|Any CPU.Build.0 = Release|Any CPU
		{01FB6A64-BE9A-49A4-A487-49963BD10299}.Debug|Any CPU.ActiveCfg = Debug|Any CPU
		{01FB6A64-BE9A-49A4-A487-49963BD10299}.Debug|Any CPU.Build.0 = Debug|Any CPU
		{01FB6A64-BE9A-49A4-A487-49963BD10299}.Release|Any CPU.ActiveCfg = Release|Any CPU
		{01FB6A64-BE9A-49A4-A487-49963BD10299}.Release|Any CPU.Build.0 = Release|Any CPU
		{06C18795-A466-4E0A-8BDF-28F301367B65}.Debug|Any CPU.ActiveCfg = Debug|Any CPU
		{06C18795-A466-4E0A-8BDF-28F301367B65}.Debug|Any CPU.Build.0 = Debug|Any CPU
		{06C18795-A466-4E0A-8BDF-28F301367B65}.Release|Any CPU.ActiveCfg = Release|Any CPU
		{06C18795-A466-4E0A-8BDF-28F301367B65}.Release|Any CPU.Build.0 = Release|Any CPU
		{C71D093E-2CCD-41B3-A6CD-A1DEE7730D54}.Debug|Any CPU.ActiveCfg = Debug|Any CPU
		{C71D093E-2CCD-41B3-A6CD-A1DEE7730D54}.Debug|Any CPU.Build.0 = Debug|Any CPU
		{C71D093E-2CCD-41B3-A6CD-A1DEE7730D54}.Release|Any CPU.ActiveCfg = Release|Any CPU
		{C71D093E-2CCD-41B3-A6CD-A1DEE7730D54}.Release|Any CPU.Build.0 = Release|Any CPU
		{8A241518-0505-4AF5-9B13-DA2D1494DA69}.Debug|Any CPU.ActiveCfg = Debug|Any CPU
		{8A241518-0505-4AF5-9B13-DA2D1494DA69}.Debug|Any CPU.Build.0 = Debug|Any CPU
		{8A241518-0505-4AF5-9B13-DA2D1494DA69}.Release|Any CPU.ActiveCfg = Release|Any CPU
		{8A241518-0505-4AF5-9B13-DA2D1494DA69}.Release|Any CPU.Build.0 = Release|Any CPU
		{4826F74C-E059-4F66-88D2-34F660A116E9}.Debug|Any CPU.ActiveCfg = Debug|Any CPU
		{4826F74C-E059-4F66-88D2-34F660A116E9}.Debug|Any CPU.Build.0 = Debug|Any CPU
		{4826F74C-E059-4F66-88D2-34F660A116E9}.Release|Any CPU.ActiveCfg = Release|Any CPU
		{4826F74C-E059-4F66-88D2-34F660A116E9}.Release|Any CPU.Build.0 = Release|Any CPU
		{3B3A8A3C-EE0C-436F-B0F4-A193CD1E15D7}.Debug|Any CPU.ActiveCfg = Debug|Any CPU
		{3B3A8A3C-EE0C-436F-B0F4-A193CD1E15D7}.Debug|Any CPU.Build.0 = Debug|Any CPU
		{3B3A8A3C-EE0C-436F-B0F4-A193CD1E15D7}.Release|Any CPU.ActiveCfg = Release|Any CPU
		{3B3A8A3C-EE0C-436F-B0F4-A193CD1E15D7}.Release|Any CPU.Build.0 = Release|Any CPU
		{9E0238B0-1E27-493A-8ACC-FEFF8BB3BB63}.Debug|Any CPU.ActiveCfg = Debug|Any CPU
		{9E0238B0-1E27-493A-8ACC-FEFF8BB3BB63}.Debug|Any CPU.Build.0 = Debug|Any CPU
		{9E0238B0-1E27-493A-8ACC-FEFF8BB3BB63}.Release|Any CPU.ActiveCfg = Release|Any CPU
		{9E0238B0-1E27-493A-8ACC-FEFF8BB3BB63}.Release|Any CPU.Build.0 = Release|Any CPU
		{24DA04F6-77AC-48D4-84EA-5274236359C5}.Debug|Any CPU.ActiveCfg = Debug|Any CPU
		{24DA04F6-77AC-48D4-84EA-5274236359C5}.Debug|Any CPU.Build.0 = Debug|Any CPU
		{24DA04F6-77AC-48D4-84EA-5274236359C5}.Release|Any CPU.ActiveCfg = Release|Any CPU
		{24DA04F6-77AC-48D4-84EA-5274236359C5}.Release|Any CPU.Build.0 = Release|Any CPU
		{E1FE33B9-8403-401C-96BB-AC88FEE08800}.Debug|Any CPU.ActiveCfg = Debug|Any CPU
		{E1FE33B9-8403-401C-96BB-AC88FEE08800}.Debug|Any CPU.Build.0 = Debug|Any CPU
		{E1FE33B9-8403-401C-96BB-AC88FEE08800}.Release|Any CPU.ActiveCfg = Release|Any CPU
		{E1FE33B9-8403-401C-96BB-AC88FEE08800}.Release|Any CPU.Build.0 = Release|Any CPU
		{D18130C1-24A4-401D-8FAF-6F807798672F}.Debug|Any CPU.ActiveCfg = Debug|Any CPU
		{D18130C1-24A4-401D-8FAF-6F807798672F}.Debug|Any CPU.Build.0 = Debug|Any CPU
		{D18130C1-24A4-401D-8FAF-6F807798672F}.Release|Any CPU.ActiveCfg = Release|Any CPU
		{D18130C1-24A4-401D-8FAF-6F807798672F}.Release|Any CPU.Build.0 = Release|Any CPU
	EndGlobalSection
	GlobalSection(SolutionProperties) = preSolution
		HideSolutionNode = FALSE
	EndGlobalSection
	GlobalSection(NestedProjects) = preSolution
		{0CD416C2-6362-4FB8-9F40-FC9890CC5392} = {F2E06B03-8714-454D-A8AE-9D2CE78EE258}
		{9C9D4770-E2F3-4076-82BE-28D45445D301} = {87E24A8A-1048-4164-858A-23902B3AB155}
		{01FB6A64-BE9A-49A4-A487-49963BD10299} = {E89C079C-40DC-4180-BEDB-15A15FAC531D}
		{06C18795-A466-4E0A-8BDF-28F301367B65} = {E89C079C-40DC-4180-BEDB-15A15FAC531D}
		{C71D093E-2CCD-41B3-A6CD-A1DEE7730D54} = {E89C079C-40DC-4180-BEDB-15A15FAC531D}
		{8A241518-0505-4AF5-9B13-DA2D1494DA69} = {96F41C8A-0160-47AD-A576-417EDF69574A}
		{4826F74C-E059-4F66-88D2-34F660A116E9} = {F2E06B03-8714-454D-A8AE-9D2CE78EE258}
		{3B3A8A3C-EE0C-436F-B0F4-A193CD1E15D7} = {6554E083-8131-4FFA-8925-DCB76A998510}
		{9E0238B0-1E27-493A-8ACC-FEFF8BB3BB63} = {D0F4521D-E02D-41F4-BE32-BC8A85C17D48}
		{24DA04F6-77AC-48D4-84EA-5274236359C5} = {6554E083-8131-4FFA-8925-DCB76A998510}
		{E1FE33B9-8403-401C-96BB-AC88FEE08800} = {D0F4521D-E02D-41F4-BE32-BC8A85C17D48}
		{D18130C1-24A4-401D-8FAF-6F807798672F} = {E89C079C-40DC-4180-BEDB-15A15FAC531D}
	EndGlobalSection
EndGlobal
